Microsoft Visual Studio Solution File, Format Version 11.00
# Visual Studio 2008

Project("{ABA6714C-76A5-86C1-B101-0DC3CECBF085}") = "FunctionFighter", "Assembly-CSharp.csproj", "{383ED53F-B9FF-0B24-EE0A-08A9AEA950DE}"
EndProject
Global
	GlobalSection(SolutionConfigurationPlatforms) = preSolution
		Debug|Any CPU = Debug|Any CPU
		Release|Any CPU = Release|Any CPU
	EndGlobalSection
	GlobalSection(ProjectConfigurationPlatforms) = postSolution
		{383ED53F-B9FF-0B24-EE0A-08A9AEA950DE}.Debug|Any CPU.ActiveCfg = Debug|Any CPU
		{383ED53F-B9FF-0B24-EE0A-08A9AEA950DE}.Debug|Any CPU.Build.0 = Debug|Any CPU
		{383ED53F-B9FF-0B24-EE0A-08A9AEA950DE}.Release|Any CPU.ActiveCfg = Release|Any CPU
		{383ED53F-B9FF-0B24-EE0A-08A9AEA950DE}.Release|Any CPU.Build.0 = Release|Any CPU
	EndGlobalSection
	GlobalSection(SolutionProperties) = preSolution
		HideSolutionNode = FALSE
	EndGlobalSection
	GlobalSection(MonoDevelopProperties) = preSolution
		StartupItem = Assembly-CSharp.csproj
	EndGlobalSection
EndGlobal
