Microsoft Visual Studio Solution File, Format Version 11.00
# Visual Studio 2008

Project("{D38FFEBC-C5E0-CA75-75ED-4ECC1722BEFE}") = "FunctionFighter-master", "Assembly-CSharp.csproj", "{8D68C13C-2110-54D0-310B-D5268014DD13}"
EndProject
Global
	GlobalSection(SolutionConfigurationPlatforms) = preSolution
		Debug|Any CPU = Debug|Any CPU
		Release|Any CPU = Release|Any CPU
	EndGlobalSection
	GlobalSection(ProjectConfigurationPlatforms) = postSolution
		{8D68C13C-2110-54D0-310B-D5268014DD13}.Debug|Any CPU.ActiveCfg = Debug|Any CPU
		{8D68C13C-2110-54D0-310B-D5268014DD13}.Debug|Any CPU.Build.0 = Debug|Any CPU
		{8D68C13C-2110-54D0-310B-D5268014DD13}.Release|Any CPU.ActiveCfg = Release|Any CPU
		{8D68C13C-2110-54D0-310B-D5268014DD13}.Release|Any CPU.Build.0 = Release|Any CPU
	EndGlobalSection
	GlobalSection(SolutionProperties) = preSolution
		HideSolutionNode = FALSE
	EndGlobalSection
	GlobalSection(MonoDevelopProperties) = preSolution
		StartupItem = Assembly-CSharp.csproj
	EndGlobalSection
EndGlobal
